
Microsoft Visual Studio Solution File, Format Version 11.00
# Visual Studio 2010
Project("{8BC9CEB8-8B4A-11D0-8D11-00A0C91BC942}") = "ReadObj", "ReadObj\ReadObj.vcxproj", "{A2B620F0-5827-48D6-AD76-D48E2231C5D8}"
EndProject
Global
	GlobalSection(SolutionConfigurationPlatforms) = preSolution
		Debug|Win32 = Debug|Win32
		Release|Win32 = Release|Win32
	EndGlobalSection
	GlobalSection(ProjectConfigurationPlatforms) = postSolution
		{A2B620F0-5827-48D6-AD76-D48E2231C5D8}.Debug|Win32.ActiveCfg = Debug|Win32
		{A2B620F0-5827-48D6-AD76-D48E2231C5D8}.Debug|Win32.Build.0 = Debug|Win32
		{A2B620F0-5827-48D6-AD76-D48E2231C5D8}.Release|Win32.ActiveCfg = Release|Win32
		{A2B620F0-5827-48D6-AD76-D48E2231C5D8}.Release|Win32.Build.0 = Release|Win32
	EndGlobalSection
	GlobalSection(SolutionProperties) = preSolution
		HideSolutionNode = FALSE
	EndGlobalSection
EndGlobal
